PODS:
  - Alamofire (4.5.0)
  - ObjectMapper (2.2.8)
  - Realm (2.9.1):
    - Realm/Headers (= 2.9.1)
  - Realm/Headers (2.9.1)
  - RealmSwift (2.9.1):
    - Realm (= 2.9.1)

DEPENDENCIES:
  - Alamofire
  - ObjectMapper
  - RealmSwift

SPEC CHECKSUMS:
  Alamofire: f28cdffd29de33a7bfa022cbd63ae95a27fae140
  ObjectMapper: 3d571bb5af471c779e1160828cd9ad5c4ef90958
  Realm: f91fb43bd474c4f731a116ebf7392c75dd015920
  RealmSwift: 207f12a4a36b696c5183c60a1c06d70234a23e56

PODFILE CHECKSUM: 73c52428f399530aca593c065390881d910b75f1

COCOAPODS: 1.2.1
