PODS:
  - Alamofire (4.5.0)
  - AlamofireObjectMapper (4.1.0):
    - Alamofire (~> 4.1)
    - ObjectMapper (~> 2.0)
  - Kingfisher (3.10.3)
  - ObjectMapper (2.2.8)
  - Realm (2.9.1):
    - Realm/Headers (= 2.9.1)
  - Realm/Headers (2.9.1)
  - RealmSwift (2.9.1):
    - Realm (= 2.9.1)

DEPENDENCIES:
  - AlamofireObjectMapper
  - Kingfisher
  - RealmSwift

SPEC CHECKSUMS:
  Alamofire: f28cdffd29de33a7bfa022cbd63ae95a27fae140
  AlamofireObjectMapper: 435adc82f5b367679bd9e71c4974a54efd0b2521
  Kingfisher: a0ac82dc5bcf0388dd74b294cf2cc13730c63436
  ObjectMapper: 3d571bb5af471c779e1160828cd9ad5c4ef90958
  Realm: f91fb43bd474c4f731a116ebf7392c75dd015920
  RealmSwift: 207f12a4a36b696c5183c60a1c06d70234a23e56

PODFILE CHECKSUM: 37de0c8a00fa5831f18d74506ee46d1db855ff50

COCOAPODS: 1.2.1
